
Microsoft Visual Studio Solution File, Format Version 12.00
# Visual Studio Version 16
VisualStudioVersion = 16.0.29709.97
MinimumVisualStudioVersion = 10.0.40219.1
Project("{FAE04EC0-301F-11D3-BF4B-00C04F79EFBC}") = "PPTGenerator", "PPTGenerator.csproj", "{C5C67449-52B1-4940-AC0A-99C1A17A3879}"
EndProject
Global
	GlobalSection(SolutionConfigurationPlatforms) = preSolution
		Debug|Any CPU = Debug|Any CPU
		Release|Any CPU = Release|Any CPU
	EndGlobalSection
	GlobalSection(ProjectConfigurationPlatforms) = postSolution
		{C5C67449-52B1-4940-AC0A-99C1A17A3879}.Debug|Any CPU.ActiveCfg = Debug|Any CPU
		{C5C67449-52B1-4940-AC0A-99C1A17A3879}.Debug|Any CPU.Build.0 = Debug|Any CPU
		{C5C67449-52B1-4940-AC0A-99C1A17A3879}.Release|Any CPU.ActiveCfg = Release|Any CPU
		{C5C67449-52B1-4940-AC0A-99C1A17A3879}.Release|Any CPU.Build.0 = Release|Any CPU
	EndGlobalSection
	GlobalSection(SolutionProperties) = preSolution
		HideSolutionNode = FALSE
	EndGlobalSection
	GlobalSection(ExtensibilityGlobals) = postSolution
		SolutionGuid = {F554E449-F8AC-4FD7-9EA6-BF1ED8CA2E93}
	EndGlobalSection
EndGlobal
